
Microsoft Visual Studio Solution File, Format Version 12.00
# Visual Studio Version 17
VisualStudioVersion = 17.8.34309.116
MinimumVisualStudioVersion = 10.0.40219.1
Project("{9A19103F-16F7-4668-BE54-9A1E7A4F7556}") = "dotnet8", "dotnet8.csproj", "{67DFA8DF-E959-458D-97C1-034E967AA5EC}"
EndProject
Global
	GlobalSection(SolutionConfigurationPlatforms) = preSolution
		Debug|Any CPU = Debug|Any CPU
		Release|Any CPU = Release|Any CPU
	EndGlobalSection
	GlobalSection(ProjectConfigurationPlatforms) = postSolution
		{67DFA8DF-E959-458D-97C1-034E967AA5EC}.Debug|Any CPU.ActiveCfg = Debug|Any CPU
		{67DFA8DF-E959-458D-97C1-034E967AA5EC}.Debug|Any CPU.Build.0 = Debug|Any CPU
		{67DFA8DF-E959-458D-97C1-034E967AA5EC}.Release|Any CPU.ActiveCfg = Release|Any CPU
		{67DFA8DF-E959-458D-97C1-034E967AA5EC}.Release|Any CPU.Build.0 = Release|Any CPU
	EndGlobalSection
	GlobalSection(SolutionProperties) = preSolution
		HideSolutionNode = FALSE
	EndGlobalSection
	GlobalSection(ExtensibilityGlobals) = postSolution
		SolutionGuid = {EDFD10FC-D528-401A-BBAC-E50E8259B0C7}
	EndGlobalSection
EndGlobal
